<?xml version="1.0" encoding="utf-8"?>
<Project ToolsVersion="Current" xmlns="http://schemas.microsoft.com/developer/msbuild/2003">
  <ItemGroup>
    <Filter Include="Header">
      <UniqueIdentifier>{3bd36e44-185a-4b07-9fa2-a997c4484f57}</UniqueIdentifier>
    </Filter>
    <Filter Include="Source">
      <UniqueIdentifier>{5243686b-8dbe-4326-b984-38e7451830fa}</UniqueIdentifier>
    </Filter>
    <Filter Include="Header\Resource">
      <UniqueIdentifier>{afb6110a-c83b-4b8d-9f32-1391087a724d}</UniqueIdentifier>
    </Filter>
    <Filter Include="Source\Resource">
      <UniqueIdentifier>{6fde2e26-b2ae-4c1a-914c-10a2e35e449d}</UniqueIdentifier>
    </Filter>
    <Filter Include="Source\DrawData">
      <UniqueIdentifier>{5c4d43d6-7a6d-4153-8724-e5c849b096c4}</UniqueIdentifier>
    </Filter>
    <Filter Include="Header\DrawData">
      <UniqueIdentifier>{0f13604c-c47e-4c46-a3c4-203720e658c2}</UniqueIdentifier>
    </Filter>
  </ItemGroup>
  <ItemGroup>
    <ClInclude Include="$(MSBuildThisFileDirectory)Header\MeshHelper.h">
      <Filter>Header</Filter>
    </ClInclude>
    <ClInclude Include="$(MSBuildThisFileDirectory)Header\MeshPrimitive.h">
      <Filter>Header</Filter>
    </ClInclude>
    <ClInclude Include="$(MSBuildThisFileDirectory)Header\RenderingStatus.h">
      <Filter>Header</Filter>
    </ClInclude>
    <ClInclude Include="$(MSBuildThisFileDirectory)Header\Vertex.h">
      <Filter>Header</Filter>
    </ClInclude>
    <ClInclude Include="$(MSBuildThisFileDirectory)Header\Rendering_Dx12\GraphicResourceUtil_Dx12.h">
      <Filter>Header</Filter>
    </ClInclude>
    <ClInclude Include="$(MSBuildThisFileDirectory)Header\Rendering_Dx12\ShaderHelper_Dx12.h">
      <Filter>Header</Filter>
    </ClInclude>
    <ClInclude Include="$(MSBuildThisFileDirectory)Header\ResourceInterface.h">
      <Filter>Header</Filter>
    </ClInclude>
    <ClInclude Include="$(MSBuildThisFileDirectory)Header\ShaderVariable.h">
      <Filter>Header</Filter>
    </ClInclude>
    <ClInclude Include="$(MSBuildThisFileDirectory)Header\Bone.h">
      <Filter>Header</Filter>
    </ClInclude>
    <ClInclude Include="$(MSBuildThisFileDirectory)Header\ModelAnimation.h">
      <Filter>Header</Filter>
    </ClInclude>
    <ClInclude Include="$(MSBuildThisFileDirectory)Header\Morph.h">
      <Filter>Header</Filter>
    </ClInclude>
    <ClInclude Include="$(MSBuildThisFileDirectory)Header\RenderingPath.h">
      <Filter>Header</Filter>
    </ClInclude>
    <ClInclude Include="$(MSBuildThisFileDirectory)Header\Rendering_Dx12\Resource_RealTimeMesh_Dx12.h">
      <Filter>Header\Resource</Filter>
    </ClInclude>
    <ClInclude Include="$(MSBuildThisFileDirectory)Header\Rendering_Dx12\Resource_Shader_Dx12.h">
      <Filter>Header\Resource</Filter>
    </ClInclude>
    <ClInclude Include="$(MSBuildThisFileDirectory)Header\Rendering_Dx12\Resource_Texture_Dx12.h">
      <Filter>Header\Resource</Filter>
    </ClInclude>
    <ClInclude Include="$(MSBuildThisFileDirectory)Header\Rendering_Dx12\Resource_Texture_Dx12_DepthStencil.h">
      <Filter>Header\Resource</Filter>
    </ClInclude>
    <ClInclude Include="$(MSBuildThisFileDirectory)Header\Rendering_Dx12\Resource_Texture_Dx12_RenderTarget.h">
      <Filter>Header\Resource</Filter>
    </ClInclude>
    <ClInclude Include="$(MSBuildThisFileDirectory)Header\Rendering_Dx12\Resource_Material_Dx12.h">
      <Filter>Header\Resource</Filter>
    </ClInclude>
    <ClInclude Include="$(MSBuildThisFileDirectory)Header\Rendering_Dx12\Resource_Mesh_Dx12.h">
      <Filter>Header\Resource</Filter>
    </ClInclude>
    <ClInclude Include="$(MSBuildThisFileDirectory)Header\Resource_Material.h">
      <Filter>Header\Resource</Filter>
    </ClInclude>
    <ClInclude Include="$(MSBuildThisFileDirectory)Header\Resource_Mesh.h">
      <Filter>Header\Resource</Filter>
    </ClInclude>
    <ClInclude Include="$(MSBuildThisFileDirectory)Header\Resource_Model.h">
      <Filter>Header\Resource</Filter>
    </ClInclude>
    <ClInclude Include="$(MSBuildThisFileDirectory)Header\Resource_Motion.h">
      <Filter>Header\Resource</Filter>
    </ClInclude>
    <ClInclude Include="$(MSBuildThisFileDirectory)Header\Resource_RealTimeMesh.h">
      <Filter>Header\Resource</Filter>
    </ClInclude>
    <ClInclude Include="$(MSBuildThisFileDirectory)Header\Resource_Shader.h">
      <Filter>Header\Resource</Filter>
    </ClInclude>
    <ClInclude Include="$(MSBuildThisFileDirectory)Header\Resource_Texture.h">
      <Filter>Header\Resource</Filter>
    </ClInclude>
    <ClInclude Include="$(MSBuildThisFileDirectory)Header\GraphicDevice.h">
      <Filter>Header</Filter>
    </ClInclude>
    <ClInclude Include="$(MSBuildThisFileDirectory)Header\Renderer.h">
      <Filter>Header</Filter>
    </ClInclude>
    <ClInclude Include="$(MSBuildThisFileDirectory)Header\CBuffer.h">
      <Filter>Header</Filter>
    </ClInclude>
    <ClInclude Include="$(MSBuildThisFileDirectory)Header\Camera.h">
      <Filter>Header</Filter>
    </ClInclude>
    <ClInclude Include="$(MSBuildThisFileDirectory)Header\ICamera.h">
      <Filter>Header</Filter>
    </ClInclude>
    <ClInclude Include="$(MSBuildThisFileDirectory)Header\Rendering_Dx12\GraphicDevice_Dx12.h">
      <Filter>Header</Filter>
    </ClInclude>
    <ClInclude Include="$(MSBuildThisFileDirectory)Header\Rendering_Dx12\CArrayBuffer_Dx12.h">
      <Filter>Header</Filter>
    </ClInclude>
    <ClInclude Include="$(MSBuildThisFileDirectory)Header\Rendering_Dx12\CBuffer_Dx12.h">
      <Filter>Header</Filter>
    </ClInclude>
    <ClInclude Include="$(MSBuildThisFileDirectory)Header\Rendering_Dx12\Camera_Dx12.h">
      <Filter>Header</Filter>
    </ClInclude>
    <ClInclude Include="$(MSBuildThisFileDirectory)Header\Rendering_Dx12\PipelineStateManager.h">
      <Filter>Header</Filter>
    </ClInclude>
    <ClInclude Include="$(MSBuildThisFileDirectory)Header\Rendering_Dx12\DescriptorHeapManager.h">
      <Filter>Header</Filter>
    </ClInclude>
    <ClInclude Include="$(MSBuildThisFileDirectory)Header\DrawData\DrawData_Dx12.h">
      <Filter>Header\DrawData</Filter>
    </ClInclude>
    <ClInclude Include="$(MSBuildThisFileDirectory)Header\DrawData\IDrawData.h">
      <Filter>Header\DrawData</Filter>
    </ClInclude>
    <ClInclude Include="$(MSBuildThisFileDirectory)Header\DrawData\IDrawObject.h">
      <Filter>Header\DrawData</Filter>
    </ClInclude>
  </ItemGroup>
  <ItemGroup>
    <ClCompile Include="$(MSBuildThisFileDirectory)ButiRendering\Source\DrawData\IDrawData.cpp">
      <Filter>Source\DrawData</Filter>
    </ClCompile>
    <ClCompile Include="$(MSBuildThisFileDirectory)ButiRendering\Source\DrawData\ModelDrawData_Dx12.cpp">
      <Filter>Source\DrawData</Filter>
    </ClCompile>
    <ClCompile Include="$(MSBuildThisFileDirectory)ButiRendering\Source\DrawData\DrawData_Dx12.cpp">
      <Filter>Source\DrawData</Filter>
    </ClCompile>
    <ClCompile Include="$(MSBuildThisFileDirectory)ButiRendering\Source\Morph.cpp">
      <Filter>Source</Filter>
    </ClCompile>
    <ClCompile Include="$(MSBuildThisFileDirectory)ButiRendering\Source\Renderer.cpp">
      <Filter>Source</Filter>
    </ClCompile>
    <ClCompile Include="$(MSBuildThisFileDirectory)ButiRendering\Source\RenderingPath.cpp">
      <Filter>Source</Filter>
    </ClCompile>
    <ClCompile Include="$(MSBuildThisFileDirectory)ButiRendering\Source\ShaderVariable.cpp">
      <Filter>Source</Filter>
    </ClCompile>
    <ClCompile Include="$(MSBuildThisFileDirectory)ButiRendering\Source\Bone.cpp">
      <Filter>Source</Filter>
    </ClCompile>
    <ClCompile Include="$(MSBuildThisFileDirectory)ButiRendering\Source\Camera.cpp">
      <Filter>Source</Filter>
    </ClCompile>
    <ClCompile Include="$(MSBuildThisFileDirectory)ButiRendering\Source\Camera_Dx12.cpp">
      <Filter>Source</Filter>
    </ClCompile>
    <ClCompile Include="$(MSBuildThisFileDirectory)ButiRendering\Source\CBuffer.cpp">
      <Filter>Source</Filter>
    </ClCompile>
    <ClCompile Include="$(MSBuildThisFileDirectory)ButiRendering\Source\GraphicDevice.cpp">
      <Filter>Source</Filter>
    </ClCompile>
    <ClCompile Include="$(MSBuildThisFileDirectory)ButiRendering\Source\MeshHelper.cpp">
      <Filter>Source</Filter>
    </ClCompile>
    <ClCompile Include="$(MSBuildThisFileDirectory)ButiRendering\Source\ModelAnimation.cpp">
      <Filter>Source</Filter>
    </ClCompile>
    <ClCompile Include="$(MSBuildThisFileDirectory)ButiRendering\Source\Resource_Model.cpp">
      <Filter>Source\Resource</Filter>
    </ClCompile>
    <ClCompile Include="$(MSBuildThisFileDirectory)ButiRendering\Source\Resource_Motion.cpp">
      <Filter>Source\Resource</Filter>
    </ClCompile>
    <ClCompile Include="$(MSBuildThisFileDirectory)ButiRendering\Source\Resource_RealTimeMesh.cpp">
      <Filter>Source\Resource</Filter>
    </ClCompile>
    <ClCompile Include="$(MSBuildThisFileDirectory)ButiRendering\Source\Resource_Shader.cpp">
      <Filter>Source\Resource</Filter>
    </ClCompile>
    <ClCompile Include="$(MSBuildThisFileDirectory)ButiRendering\Source\Resource_Texture.cpp">
      <Filter>Source\Resource</Filter>
    </ClCompile>
    <ClCompile Include="$(MSBuildThisFileDirectory)ButiRendering\Source\Resource_Material.cpp">
      <Filter>Source\Resource</Filter>
    </ClCompile>
    <ClCompile Include="$(MSBuildThisFileDirectory)ButiRendering\Source\Resource_Mesh.cpp">
      <Filter>Source\Resource</Filter>
    </ClCompile>
    <ClCompile Include="$(MSBuildThisFileDirectory)ButiRendering\Source\Rendering_Dx12\GraphicDevice_Dx12.cpp">
      <Filter>Source</Filter>
    </ClCompile>
    <ClCompile Include="$(MSBuildThisFileDirectory)ButiRendering\Source\Rendering_Dx12\PipelineStateManager.cpp">
      <Filter>Source</Filter>
    </ClCompile>
    <ClCompile Include="$(MSBuildThisFileDirectory)ButiRendering\Source\Rendering_Dx12\ShaderHelper_Dx12.cpp">
      <Filter>Source</Filter>
    </ClCompile>
    <ClCompile Include="$(MSBuildThisFileDirectory)ButiRendering\Source\Rendering_Dx12\DescriptorHeapManager.cpp">
      <Filter>Source</Filter>
    </ClCompile>
    <ClCompile Include="$(MSBuildThisFileDirectory)ButiRendering\Source\Rendering_Dx12\Resource_Mesh_Dx12.cpp">
      <Filter>Source\Resource</Filter>
    </ClCompile>
    <ClCompile Include="$(MSBuildThisFileDirectory)ButiRendering\Source\Rendering_Dx12\Resource_RealTimeMesh_Dx12.cpp">
      <Filter>Source\Resource</Filter>
    </ClCompile>
    <ClCompile Include="$(MSBuildThisFileDirectory)ButiRendering\Source\Rendering_Dx12\Resource_Shader_Dx12.cpp">
      <Filter>Source\Resource</Filter>
    </ClCompile>
    <ClCompile Include="$(MSBuildThisFileDirectory)ButiRendering\Source\Rendering_Dx12\Resource_Texture_Dx12.cpp">
      <Filter>Source\Resource</Filter>
    </ClCompile>
    <ClCompile Include="$(MSBuildThisFileDirectory)ButiRendering\Source\Rendering_Dx12\Resource_Texture_Dx12_DepthStencil.cpp">
      <Filter>Source\Resource</Filter>
    </ClCompile>
    <ClCompile Include="$(MSBuildThisFileDirectory)ButiRendering\Source\Rendering_Dx12\Resource_Texture_Dx12_RenderTarget.cpp">
      <Filter>Source\Resource</Filter>
    </ClCompile>
    <ClCompile Include="$(MSBuildThisFileDirectory)ButiRendering\Source\Rendering_Dx12\Resource_Material_Dx12.cpp">
      <Filter>Source\Resource</Filter>
    </ClCompile>
  </ItemGroup>
</Project>